// !$*UTF8*$!
{
	archiveVersion = 1;
	classes = {
	};
	objectVersion = 48;
	objects = {

/* Begin PBXBuildFile section */
		485668E0214748BB00077546 /* NowPlayingViewController.swift in Sources */ = {isa = PBXBuildFile; fileRef = 485668DF214748BB00077546 /* NowPlayingViewController.swift */; };
		485668E22147645500077546 /* MovieCell.swift in Sources */ = {isa = PBXBuildFile; fileRef = 485668E12147645500077546 /* MovieCell.swift */; };
		48A76D4F21470B6200A061C2 /* AppDelegate.swift in Sources */ = {isa = PBXBuildFile; fileRef = 48A76D4E21470B6200A061C2 /* AppDelegate.swift */; };
		48A76D5421470B6200A061C2 /* Main.storyboard in Resources */ = {isa = PBXBuildFile; fileRef = 48A76D5221470B6200A061C2 /* Main.storyboard */; };
		48A76D5621470B6200A061C2 /* Assets.xcassets in Resources */ = {isa = PBXBuildFile; fileRef = 48A76D5521470B6200A061C2 /* Assets.xcassets */; };
		48A76D5921470B6200A061C2 /* LaunchScreen.storyboard in Resources */ = {isa = PBXBuildFile; fileRef = 48A76D5721470B6200A061C2 /* LaunchScreen.storyboard */; };
		48A76D6421470B6200A061C2 /* FlixTests.swift in Sources */ = {isa = PBXBuildFile; fileRef = 48A76D6321470B6200A061C2 /* FlixTests.swift */; };
		48A76D6F21470B6200A061C2 /* FlixUITests.swift in Sources */ = {isa = PBXBuildFile; fileRef = 48A76D6E21470B6200A061C2 /* FlixUITests.swift */; };
		BAC6A1DABA84E1D69068A915 /* Pods_Flix.framework in Frameworks */ = {isa = PBXBuildFile; fileRef = D7A1FDA2A26C56A0D5502CCE /* Pods_Flix.framework */; };
/* End PBXBuildFile section */

/* Begin PBXContainerItemProxy section */
		48A76D6021470B6200A061C2 /* PBXContainerItemProxy */ = {
			isa = PBXContainerItemProxy;
			containerPortal = 48A76D4321470B6200A061C2 /* Project object */;
			proxyType = 1;
			remoteGlobalIDString = 48A76D4A21470B6200A061C2;
			remoteInfo = Flix;
		};
		48A76D6B21470B6200A061C2 /* PBXContainerItemProxy */ = {
			isa = PBXContainerItemProxy;
			containerPortal = 48A76D4321470B6200A061C2 /* Project object */;
			proxyType = 1;
			remoteGlobalIDString = 48A76D4A21470B6200A061C2;
			remoteInfo = Flix;
		};
/* End PBXContainerItemProxy section */

/* Begin PBXFileReference section */
		345BFFBB1A3CF5EDCF4F5820 /* Pods-Flix.release.xcconfig */ = {isa = PBXFileReference; includeInIndex = 1; lastKnownFileType = text.xcconfig; name = "Pods-Flix.release.xcconfig"; path = "Pods/Target Support Files/Pods-Flix/Pods-Flix.release.xcconfig"; sourceTree = "<group>"; };
		485668DF214748BB00077546 /* NowPlayingViewController.swift */ = {isa = PBXFileReference; lastKnownFileType = sourcecode.swift; path = NowPlayingViewController.swift; sourceTree = "<group>"; };
		485668E12147645500077546 /* MovieCell.swift */ = {isa = PBXFileReference; lastKnownFileType = sourcecode.swift; path = MovieCell.swift; sourceTree = "<group>"; };
		48A76D4B21470B6200A061C2 /* Flix.app */ = {isa = PBXFileReference; explicitFileType = wrapper.application; includeInIndex = 0; path = Flix.app; sourceTree = BUILT_PRODUCTS_DIR; };
		48A76D4E21470B6200A061C2 /* AppDelegate.swift */ = {isa = PBXFileReference; lastKnownFileType = sourcecode.swift; path = AppDelegate.swift; sourceTree = "<group>"; };
		48A76D5321470B6200A061C2 /* Base */ = {isa = PBXFileReference; lastKnownFileType = file.storyboard; name = Base; path = Base.lproj/Main.storyboard; sourceTree = "<group>"; };
		48A76D5521470B6200A061C2 /* Assets.xcassets */ = {isa = PBXFileReference; lastKnownFileType = folder.assetcatalog; path = Assets.xcassets; sourceTree = "<group>"; };
		48A76D5821470B6200A061C2 /* Base */ = {isa = PBXFileReference; lastKnownFileType = file.storyboard; name = Base; path = Base.lproj/LaunchScreen.storyboard; sourceTree = "<group>"; };
		48A76D5A21470B6200A061C2 /* Info.plist */ = {isa = PBXFileReference; lastKnownFileType = text.plist.xml; path = Info.plist; sourceTree = "<group>"; };
		48A76D5F21470B6200A061C2 /* FlixTests.xctest */ = {isa = PBXFileReference; explicitFileType = wrapper.cfbundle; includeInIndex = 0; path = FlixTests.xctest; sourceTree = BUILT_PRODUCTS_DIR; };
		48A76D6321470B6200A061C2 /* FlixTests.swift */ = {isa = PBXFileReference; lastKnownFileType = sourcecode.swift; path = FlixTests.swift; sourceTree = "<group>"; };
		48A76D6521470B6200A061C2 /* Info.plist */ = {isa = PBXFileReference; lastKnownFileType = text.plist.xml; path = Info.plist; sourceTree = "<group>"; };
		48A76D6A21470B6200A061C2 /* FlixUITests.xctest */ = {isa = PBXFileReference; explicitFileType = wrapper.cfbundle; includeInIndex = 0; path = FlixUITests.xctest; sourceTree = BUILT_PRODUCTS_DIR; };
		48A76D6E21470B6200A061C2 /* FlixUITests.swift */ = {isa = PBXFileReference; lastKnownFileType = sourcecode.swift; path = FlixUITests.swift; sourceTree = "<group>"; };
		48A76D7021470B6200A061C2 /* Info.plist */ = {isa = PBXFileReference; lastKnownFileType = text.plist.xml; path = Info.plist; sourceTree = "<group>"; };
		9B293F8CF919285EB2DF1AE9 /* Pods-Flix.debug.xcconfig */ = {isa = PBXFileReference; includeInIndex = 1; lastKnownFileType = text.xcconfig; name = "Pods-Flix.debug.xcconfig"; path = "Pods/Target Support Files/Pods-Flix/Pods-Flix.debug.xcconfig"; sourceTree = "<group>"; };
		D7A1FDA2A26C56A0D5502CCE /* Pods_Flix.framework */ = {isa = PBXFileReference; explicitFileType = wrapper.framework; includeInIndex = 0; path = Pods_Flix.framework; sourceTree = BUILT_PRODUCTS_DIR; };
/* End PBXFileReference section */

/* Begin PBXFrameworksBuildPhase section */
		48A76D4821470B6200A061C2 /* Frameworks */ = {
			isa = PBXFrameworksBuildPhase;
			buildActionMask = 2147483647;
			files = (
				BAC6A1DABA84E1D69068A915 /* Pods_Flix.framework in Frameworks */,
			);
			runOnlyForDeploymentPostprocessing = 0;
		};
		48A76D5C21470B6200A061C2 /* Frameworks */ = {
			isa = PBXFrameworksBuildPhase;
			buildActionMask = 2147483647;
			files = (
			);
			runOnlyForDeploymentPostprocessing = 0;
		};
		48A76D6721470B6200A061C2 /* Frameworks */ = {
			isa = PBXFrameworksBuildPhase;
			buildActionMask = 2147483647;
			files = (
			);
			runOnlyForDeploymentPostprocessing = 0;
		};
/* End PBXFrameworksBuildPhase section */

/* Begin PBXGroup section */
		48A76D4221470B6200A061C2 = {
			isa = PBXGroup;
			children = (
				48A76D4D21470B6200A061C2 /* Flix */,
				48A76D6221470B6200A061C2 /* FlixTests */,
				48A76D6D21470B6200A061C2 /* FlixUITests */,
				48A76D4C21470B6200A061C2 /* Products */,
				94CD02F99BB4E43940CF0524 /* Pods */,
				EBA5C86E5C40DC05D54E8290 /* Frameworks */,
			);
			sourceTree = "<group>";
		};
		48A76D4C21470B6200A061C2 /* Products */ = {
			isa = PBXGroup;
			children = (
				48A76D4B21470B6200A061C2 /* Flix.app */,
				48A76D5F21470B6200A061C2 /* FlixTests.xctest */,
				48A76D6A21470B6200A061C2 /* FlixUITests.xctest */,
			);
			name = Products;
			sourceTree = "<group>";
		};
		48A76D4D21470B6200A061C2 /* Flix */ = {
			isa = PBXGroup;
			children = (
				485668DF214748BB00077546 /* NowPlayingViewController.swift */,
				48A76D4E21470B6200A061C2 /* AppDelegate.swift */,
				48A76D5221470B6200A061C2 /* Main.storyboard */,
				48A76D5521470B6200A061C2 /* Assets.xcassets */,
				48A76D5721470B6200A061C2 /* LaunchScreen.storyboard */,
				48A76D5A21470B6200A061C2 /* Info.plist */,
				485668E12147645500077546 /* MovieCell.swift */,
			);
			path = Flix;
			sourceTree = "<group>";
		};
		48A76D6221470B6200A061C2 /* FlixTests */ = {
			isa = PBXGroup;
			children = (
				48A76D6321470B6200A061C2 /* FlixTests.swift */,
				48A76D6521470B6200A061C2 /* Info.plist */,
			);
			path = FlixTests;
			sourceTree = "<group>";
		};
		48A76D6D21470B6200A061C2 /* FlixUITests */ = {
			isa = PBXGroup;
			children = (
				48A76D6E21470B6200A061C2 /* FlixUITests.swift */,
				48A76D7021470B6200A061C2 /* Info.plist */,
			);
			path = FlixUITests;
			sourceTree = "<group>";
		};
		94CD02F99BB4E43940CF0524 /* Pods */ = {
			isa = PBXGroup;
			children = (
				9B293F8CF919285EB2DF1AE9 /* Pods-Flix.debug.xcconfig */,
				345BFFBB1A3CF5EDCF4F5820 /* Pods-Flix.release.xcconfig */,
			);
			name = Pods;
			sourceTree = "<group>";
		};
		EBA5C86E5C40DC05D54E8290 /* Frameworks */ = {
			isa = PBXGroup;
			children = (
				D7A1FDA2A26C56A0D5502CCE /* Pods_Flix.framework */,
			);
			name = Frameworks;
			sourceTree = "<group>";
		};
/* End PBXGroup section */

/* Begin PBXNativeTarget section */
		48A76D4A21470B6200A061C2 /* Flix */ = {
			isa = PBXNativeTarget;
			buildConfigurationList = 48A76D7321470B6200A061C2 /* Build configuration list for PBXNativeTarget "Flix" */;
			buildPhases = (
				9A72A419B61CA1E59A9BB4E4 /* [CP] Check Pods Manifest.lock */,
				48A76D4721470B6200A061C2 /* Sources */,
				48A76D4821470B6200A061C2 /* Frameworks */,
				48A76D4921470B6200A061C2 /* Resources */,
				99273F85D551FD93662DCF00 /* [CP] Embed Pods Frameworks */,
			);
			buildRules = (
			);
			dependencies = (
			);
			name = Flix;
			productName = Flix;
			productReference = 48A76D4B21470B6200A061C2 /* Flix.app */;
			productType = "com.apple.product-type.application";
		};
		48A76D5E21470B6200A061C2 /* FlixTests */ = {
			isa = PBXNativeTarget;
			buildConfigurationList = 48A76D7621470B6200A061C2 /* Build configuration list for PBXNativeTarget "FlixTests" */;
			buildPhases = (
				48A76D5B21470B6200A061C2 /* Sources */,
				48A76D5C21470B6200A061C2 /* Frameworks */,
				48A76D5D21470B6200A061C2 /* Resources */,
			);
			buildRules = (
			);
			dependencies = (
				48A76D6121470B6200A061C2 /* PBXTargetDependency */,
			);
			name = FlixTests;
			productName = FlixTests;
			productReference = 48A76D5F21470B6200A061C2 /* FlixTests.xctest */;
			productType = "com.apple.product-type.bundle.unit-test";
		};
		48A76D6921470B6200A061C2 /* FlixUITests */ = {
			isa = PBXNativeTarget;
			buildConfigurationList = 48A76D7921470B6200A061C2 /* Build configuration list for PBXNativeTarget "FlixUITests" */;
			buildPhases = (
				48A76D6621470B6200A061C2 /* Sources */,
				48A76D6721470B6200A061C2 /* Frameworks */,
				48A76D6821470B6200A061C2 /* Resources */,
			);
			buildRules = (
			);
			dependencies = (
				48A76D6C21470B6200A061C2 /* PBXTargetDependency */,
			);
			name = FlixUITests;
			productName = FlixUITests;
			productReference = 48A76D6A21470B6200A061C2 /* FlixUITests.xctest */;
			productType = "com.apple.product-type.bundle.ui-testing";
		};
/* End PBXNativeTarget section */

/* Begin PBXProject section */
		48A76D4321470B6200A061C2 /* Project object */ = {
			isa = PBXProject;
			attributes = {
				LastSwiftUpdateCheck = 0920;
				LastUpgradeCheck = 0920;
				ORGANIZATIONNAME = "Avishek Thapa Magar";
				TargetAttributes = {
					48A76D4A21470B6200A061C2 = {
						CreatedOnToolsVersion = 9.2;
						ProvisioningStyle = Automatic;
					};
					48A76D5E21470B6200A061C2 = {
						CreatedOnToolsVersion = 9.2;
						ProvisioningStyle = Automatic;
						TestTargetID = 48A76D4A21470B6200A061C2;
					};
					48A76D6921470B6200A061C2 = {
						CreatedOnToolsVersion = 9.2;
						ProvisioningStyle = Automatic;
						TestTargetID = 48A76D4A21470B6200A061C2;
					};
				};
			};
			buildConfigurationList = 48A76D4621470B6200A061C2 /* Build configuration list for PBXProject "Flix" */;
			compatibilityVersion = "Xcode 8.0";
			developmentRegion = en;
			hasScannedForEncodings = 0;
			knownRegions = (
				en,
				Base,
			);
			mainGroup = 48A76D4221470B6200A061C2;
			productRefGroup = 48A76D4C21470B6200A061C2 /* Products */;
			projectDirPath = "";
			projectRoot = "";
			targets = (
				48A76D4A21470B6200A061C2 /* Flix */,
				48A76D5E21470B6200A061C2 /* FlixTests */,
				48A76D6921470B6200A061C2 /* FlixUITests */,
			);
		};
/* End PBXProject section */

/* Begin PBXResourcesBuildPhase section */
		48A76D4921470B6200A061C2 /* Resources */ = {
			isa = PBXResourcesBuildPhase;
			buildActionMask = 2147483647;
			files = (
				48A76D5921470B6200A061C2 /* LaunchScreen.storyboard in Resources */,
				48A76D5621470B6200A061C2 /* Assets.xcassets in Resources */,
				48A76D5421470B6200A061C2 /* Main.storyboard in Resources */,
			);
			runOnlyForDeploymentPostprocessing = 0;
		};
		48A76D5D21470B6200A061C2 /* Resources */ = {
			isa = PBXResourcesBuildPhase;
			buildActionMask = 2147483647;
			files = (
			);
			runOnlyForDeploymentPostprocessing = 0;
		};
		48A76D6821470B6200A061C2 /* Resources */ = {
			isa = PBXResourcesBuildPhase;
			buildActionMask = 2147483647;
			files = (
			);
			runOnlyForDeploymentPostprocessing = 0;
		};
/* End PBXResourcesBuildPhase section */

/* Begin PBXShellScriptBuildPhase section */
		99273F85D551FD93662DCF00 /* [CP] Embed Pods Frameworks */ = {
			isa = PBXShellScriptBuildPhase;
			buildActionMask = 2147483647;
			files = (
			);
			inputPaths = (
				"${SRCROOT}/Pods/Target Support Files/Pods-Flix/Pods-Flix-frameworks.sh",
				"${BUILT_PRODUCTS_DIR}/Alamofire/Alamofire.framework",
				"${BUILT_PRODUCTS_DIR}/AlamofireImage/AlamofireImage.framework",
			);
			name = "[CP] Embed Pods Frameworks";
			outputPaths = (
				"${TARGET_BUILD_DIR}/${FRAMEWORKS_FOLDER_PATH}/Alamofire.framework",
				"${TARGET_BUILD_DIR}/${FRAMEWORKS_FOLDER_PATH}/AlamofireImage.framework",
			);
			runOnlyForDeploymentPostprocessing = 0;
			shellPath = /bin/sh;
			shellScript = "\"${SRCROOT}/Pods/Target Support Files/Pods-Flix/Pods-Flix-frameworks.sh\"\n";
			showEnvVarsInLog = 0;
		};
		9A72A419B61CA1E59A9BB4E4 /* [CP] Check Pods Manifest.lock */ = {
			isa = PBXShellScriptBuildPhase;
			buildActionMask = 2147483647;
			files = (
			);
			inputPaths = (
				"${PODS_PODFILE_DIR_PATH}/Podfile.lock",
				"${PODS_ROOT}/Manifest.lock",
			);
			name = "[CP] Check Pods Manifest.lock";
			outputPaths = (
				"$(DERIVED_FILE_DIR)/Pods-Flix-checkManifestLockResult.txt",
			);
			runOnlyForDeploymentPostprocessing = 0;
			shellPath = /bin/sh;
			shellScript = "diff \"${PODS_PODFILE_DIR_PATH}/Podfile.lock\" \"${PODS_ROOT}/Manifest.lock\" > /dev/null\nif [ $? != 0 ] ; then\n    # print error to STDERR\n    echo \"error: The sandbox is not in sync with the Podfile.lock. Run 'pod install' or update your CocoaPods installation.\" >&2\n    exit 1\nfi\n# This output is used by Xcode 'outputs' to avoid re-running this script phase.\necho \"SUCCESS\" > \"${SCRIPT_OUTPUT_FILE_0}\"\n";
			showEnvVarsInLog = 0;
		};
/* End PBXShellScriptBuildPhase section */

/* Begin PBXSourcesBuildPhase section */
		48A76D4721470B6200A061C2 /* Sources */ = {
			isa = PBXSourcesBuildPhase;
			buildActionMask = 2147483647;
			files = (
				485668E0214748BB00077546 /* NowPlayingViewController.swift in Sources */,
				48A76D4F21470B6200A061C2 /* AppDelegate.swift in Sources */,
				485668E22147645500077546 /* MovieCell.swift in Sources */,
			);
			runOnlyForDeploymentPostprocessing = 0;
		};
		48A76D5B21470B6200A061C2 /* Sources */ = {
			isa = PBXSourcesBuildPhase;
			buildActionMask = 2147483647;
			files = (
				48A76D6421470B6200A061C2 /* FlixTests.swift in Sources */,
			);
			runOnlyForDeploymentPostprocessing = 0;
		};
		48A76D6621470B6200A061C2 /* Sources */ = {
			isa = PBXSourcesBuildPhase;
			buildActionMask = 2147483647;
			files = (
				48A76D6F21470B6200A061C2 /* FlixUITests.swift in Sources */,
			);
			runOnlyForDeploymentPostprocessing = 0;
		};
/* End PBXSourcesBuildPhase section */

/* Begin PBXTargetDependency section */
		48A76D6121470B6200A061C2 /* PBXTargetDependency */ = {
			isa = PBXTargetDependency;
			target = 48A76D4A21470B6200A061C2 /* Flix */;
			targetProxy = 48A76D6021470B6200A061C2 /* PBXContainerItemProxy */;
		};
		48A76D6C21470B6200A061C2 /* PBXTargetDependency */ = {
			isa = PBXTargetDependency;
			target = 48A76D4A21470B6200A061C2 /* Flix */;
			targetProxy = 48A76D6B21470B6200A061C2 /* PBXContainerItemProxy */;
		};
/* End PBXTargetDependency section */

/* Begin PBXVariantGroup section */
		48A76D5221470B6200A061C2 /* Main.storyboard */ = {
			isa = PBXVariantGroup;
			children = (
				48A76D5321470B6200A061C2 /* Base */,
			);
			name = Main.storyboard;
			sourceTree = "<group>";
		};
		48A76D5721470B6200A061C2 /* LaunchScreen.storyboard */ = {
			isa = PBXVariantGroup;
			children = (
				48A76D5821470B6200A061C2 /* Base */,
			);
			name = LaunchScreen.storyboard;
			sourceTree = "<group>";
		};
/* End PBXVariantGroup section */

/* Begin XCBuildConfiguration section */
		48A76D7121470B6200A061C2 /* Debug */ = {
			isa = XCBuildConfiguration;
			buildSettings = {
				ALWAYS_SEARCH_USER_PATHS = NO;
				CLANG_ANALYZER_NONNULL = YES;
				CLANG_ANALYZER_NUMBER_OBJECT_CONVERSION = YES_AGGRESSIVE;
				CLANG_CXX_LANGUAGE_STANDARD = "gnu++14";
				CLANG_CXX_LIBRARY = "libc++";
				CLANG_ENABLE_MODULES = YES;
				CLANG_ENABLE_OBJC_ARC = YES;
				CLANG_WARN_BLOCK_CAPTURE_AUTORELEASING = YES;
				CLANG_WARN_BOOL_CONVERSION = YES;
				CLANG_WARN_COMMA = YES;
				CLANG_WARN_CONSTANT_CONVERSION = YES;
				CLANG_WARN_DIRECT_OBJC_ISA_USAGE = YES_ERROR;
				CLANG_WARN_DOCUMENTATION_COMMENTS = YES;
				CLANG_WARN_EMPTY_BODY = YES;
				CLANG_WARN_ENUM_CONVERSION = YES;
				CLANG_WARN_INFINITE_RECURSION = YES;
				CLANG_WARN_INT_CONVERSION = YES;
				CLANG_WARN_NON_LITERAL_NULL_CONVERSION = YES;
				CLANG_WARN_OBJC_LITERAL_CONVERSION = YES;
				CLANG_WARN_OBJC_ROOT_CLASS = YES_ERROR;
				CLANG_WARN_RANGE_LOOP_ANALYSIS = YES;
				CLANG_WARN_STRICT_PROTOTYPES = YES;
				CLANG_WARN_SUSPICIOUS_MOVE = YES;
				CLANG_WARN_UNGUARDED_AVAILABILITY = YES_AGGRESSIVE;
				CLANG_WARN_UNREACHABLE_CODE = YES;
				CLANG_WARN__DUPLICATE_METHOD_MATCH = YES;
				CODE_SIGN_IDENTITY = "iPhone Developer";
				COPY_PHASE_STRIP = NO;
				DEBUG_INFORMATION_FORMAT = dwarf;
				ENABLE_STRICT_OBJC_MSGSEND = YES;
				ENABLE_TESTABILITY = YES;
				GCC_C_LANGUAGE_STANDARD = gnu11;
				GCC_DYNAMIC_NO_PIC = NO;
				GCC_NO_COMMON_BLOCKS = YES;
				GCC_OPTIMIZATION_LEVEL = 0;
				GCC_PREPROCESSOR_DEFINITIONS = (
					"DEBUG=1",
					"$(inherited)",
				);
				GCC_WARN_64_TO_32_BIT_CONVERSION = YES;
				GCC_WARN_ABOUT_RETURN_TYPE = YES_ERROR;
				GCC_WARN_UNDECLARED_SELECTOR = YES;
				GCC_WARN_UNINITIALIZED_AUTOS = YES_AGGRESSIVE;
				GCC_WARN_UNUSED_FUNCTION = YES;
				GCC_WARN_UNUSED_VARIABLE = YES;
				IPHONEOS_DEPLOYMENT_TARGET = 11.2;
				MTL_ENABLE_DEBUG_INFO = YES;
				ONLY_ACTIVE_ARCH = YES;
				SDKROOT = iphoneos;
				SWIFT_ACTIVE_COMPILATION_CONDITIONS = DEBUG;
				SWIFT_OPTIMIZATION_LEVEL = "-Onone";
			};
			name = Debug;
		};
		48A76D7221470B6200A061C2 /* Release */ = {
			isa = XCBuildConfiguration;
			buildSettings = {
				ALWAYS_SEARCH_USER_PATHS = NO;
				CLANG_ANALYZER_NONNULL = YES;
				CLANG_ANALYZER_NUMBER_OBJECT_CONVERSION = YES_AGGRESSIVE;
				CLANG_CXX_LANGUAGE_STANDARD = "gnu++14";
				CLANG_CXX_LIBRARY = "libc++";
				CLANG_ENABLE_MODULES = YES;
				CLANG_ENABLE_OBJC_ARC = YES;
				CLANG_WARN_BLOCK_CAPTURE_AUTORELEASING = YES;
				CLANG_WARN_BOOL_CONVERSION = YES;
				CLANG_WARN_COMMA = YES;
				CLANG_WARN_CONSTANT_CONVERSION = YES;
				CLANG_WARN_DIRECT_OBJC_ISA_USAGE = YES_ERROR;
				CLANG_WARN_DOCUMENTATION_COMMENTS = YES;
				CLANG_WARN_EMPTY_BODY = YES;
				CLANG_WARN_ENUM_CONVERSION = YES;
				CLANG_WARN_INFINITE_RECURSION = YES;
				CLANG_WARN_INT_CONVERSION = YES;
				CLANG_WARN_NON_LITERAL_NULL_CONVERSION = YES;
				CLANG_WARN_OBJC_LITERAL_CONVERSION = YES;
				CLANG_WARN_OBJC_ROOT_CLASS = YES_ERROR;
				CLANG_WARN_RANGE_LOOP_ANALYSIS = YES;
				CLANG_WARN_STRICT_PROTOTYPES = YES;
				CLANG_WARN_SUSPICIOUS_MOVE = YES;
				CLANG_WARN_UNGUARDED_AVAILABILITY = YES_AGGRESSIVE;
				CLANG_WARN_UNREACHABLE_CODE = YES;
				CLANG_WARN__DUPLICATE_METHOD_MATCH = YES;
				CODE_SIGN_IDENTITY = "iPhone Developer";
				COPY_PHASE_STRIP = NO;
				DEBUG_INFORMATION_FORMAT = "dwarf-with-dsym";
				ENABLE_NS_ASSERTIONS = NO;
				ENABLE_STRICT_OBJC_MSGSEND = YES;
				GCC_C_LANGUAGE_STANDARD = gnu11;
				GCC_NO_COMMON_BLOCKS = YES;
				GCC_WARN_64_TO_32_BIT_CONVERSION = YES;
				GCC_WARN_ABOUT_RETURN_TYPE = YES_ERROR;
				GCC_WARN_UNDECLARED_SELECTOR = YES;
				GCC_WARN_UNINITIALIZED_AUTOS = YES_AGGRESSIVE;
				GCC_WARN_UNUSED_FUNCTION = YES;
				GCC_WARN_UNUSED_VARIABLE = YES;
				IPHONEOS_DEPLOYMENT_TARGET = 11.2;
				MTL_ENABLE_DEBUG_INFO = NO;
				SDKROOT = iphoneos;
				SWIFT_OPTIMIZATION_LEVEL = "-Owholemodule";
				VALIDATE_PRODUCT = YES;
			};
			name = Release;
		};
		48A76D7421470B6200A061C2 /* Debug */ = {
			isa = XCBuildConfiguration;
			baseConfigurationReference = 9B293F8CF919285EB2DF1AE9 /* Pods-Flix.debug.xcconfig */;
			buildSettings = {
				ASSETCATALOG_COMPILER_APPICON_NAME = AppIcon;
				CODE_SIGN_STYLE = Automatic;
				INFOPLIST_FILE = Flix/Info.plist;
				LD_RUNPATH_SEARCH_PATHS = "$(inherited) @executable_path/Frameworks";
				PRODUCT_BUNDLE_IDENTIFIER = soft.Flix;
				PRODUCT_NAME = "$(TARGET_NAME)";
				SWIFT_VERSION = 4.0;
				TARGETED_DEVICE_FAMILY = "1,2";
			};
			name = Debug;
		};
		48A76D7521470B6200A061C2 /* Release */ = {
			isa = XCBuildConfiguration;
			baseConfigurationReference = 345BFFBB1A3CF5EDCF4F5820 /* Pods-Flix.release.xcconfig */;
			buildSettings = {
				ASSETCATALOG_COMPILER_APPICON_NAME = AppIcon;
				CODE_SIGN_STYLE = Automatic;
				INFOPLIST_FILE = Flix/Info.plist;
				LD_RUNPATH_SEARCH_PATHS = "$(inherited) @executable_path/Frameworks";
				PRODUCT_BUNDLE_IDENTIFIER = soft.Flix;
				PRODUCT_NAME = "$(TARGET_NAME)";
				SWIFT_VERSION = 4.0;
				TARGETED_DEVICE_FAMILY = "1,2";
			};
			name = Release;
		};
		48A76D7721470B6200A061C2 /* Debug */ = {
			isa = XCBuildConfiguration;
			buildSettings = {
				ALWAYS_EMBED_SWIFT_STANDARD_LIBRARIES = YES;
				BUNDLE_LOADER = "$(TEST_HOST)";
				CODE_SIGN_STYLE = Automatic;
				INFOPLIST_FILE = FlixTests/Info.plist;
				LD_RUNPATH_SEARCH_PATHS = "$(inherited) @executable_path/Frameworks @loader_path/Frameworks";
				PRODUCT_BUNDLE_IDENTIFIER = soft.FlixTests;
				PRODUCT_NAME = "$(TARGET_NAME)";
				SWIFT_VERSION = 4.0;
				TARGETED_DEVICE_FAMILY = "1,2";
				TEST_HOST = "$(BUILT_PRODUCTS_DIR)/Flix.app/Flix";
			};
			name = Debug;
		};
		48A76D7821470B6200A061C2 /* Release */ = {
			isa = XCBuildConfiguration;
			buildSettings = {
				ALWAYS_EMBED_SWIFT_STANDARD_LIBRARIES = YES;
				BUNDLE_LOADER = "$(TEST_HOST)";
				CODE_SIGN_STYLE = Automatic;
				INFOPLIST_FILE = FlixTests/Info.plist;
				LD_RUNPATH_SEARCH_PATHS = "$(inherited) @executable_path/Frameworks @loader_path/Frameworks";
				PRODUCT_BUNDLE_IDENTIFIER = soft.FlixTests;
				PRODUCT_NAME = "$(TARGET_NAME)";
				SWIFT_VERSION = 4.0;
				TARGETED_DEVICE_FAMILY = "1,2";
				TEST_HOST = "$(BUILT_PRODUCTS_DIR)/Flix.app/Flix";
			};
			name = Release;
		};
		48A76D7A21470B6200A061C2 /* Debug */ = {
			isa = XCBuildConfiguration;
			buildSettings = {
				ALWAYS_EMBED_SWIFT_STANDARD_LIBRARIES = YES;
				CODE_SIGN_STYLE = Automatic;
				INFOPLIST_FILE = FlixUITests/Info.plist;
				LD_RUNPATH_SEARCH_PATHS = "$(inherited) @executable_path/Frameworks @loader_path/Frameworks";
				PRODUCT_BUNDLE_IDENTIFIER = soft.FlixUITests;
				PRODUCT_NAME = "$(TARGET_NAME)";
				SWIFT_VERSION = 4.0;
				TARGETED_DEVICE_FAMILY = "1,2";
				TEST_TARGET_NAME = Flix;
			};
			name = Debug;
		};
		48A76D7B21470B6200A061C2 /* Release */ = {
			isa = XCBuildConfiguration;
			buildSettings = {
				ALWAYS_EMBED_SWIFT_STANDARD_LIBRARIES = YES;
				CODE_SIGN_STYLE = Automatic;
				INFOPLIST_FILE = FlixUITests/Info.plist;
				LD_RUNPATH_SEARCH_PATHS = "$(inherited) @executable_path/Frameworks @loader_path/Frameworks";
				PRODUCT_BUNDLE_IDENTIFIER = soft.FlixUITests;
				PRODUCT_NAME = "$(TARGET_NAME)";
				SWIFT_VERSION = 4.0;
				TARGETED_DEVICE_FAMILY = "1,2";
				TEST_TARGET_NAME = Flix;
			};
			name = Release;
		};
/* End XCBuildConfiguration section */

/* Begin XCConfigurationList section */
		48A76D4621470B6200A061C2 /* Build configuration list for PBXProject "Flix" */ = {
			isa = XCConfigurationList;
			buildConfigurations = (
				48A76D7121470B6200A061C2 /* Debug */,
				48A76D7221470B6200A061C2 /* Release */,
			);
			defaultConfigurationIsVisible = 0;
			defaultConfigurationName = Release;
		};
		48A76D7321470B6200A061C2 /* Build configuration list for PBXNativeTarget "Flix" */ = {
			isa = XCConfigurationList;
			buildConfigurations = (
				48A76D7421470B6200A061C2 /* Debug */,
				48A76D7521470B6200A061C2 /* Release */,
			);
			defaultConfigurationIsVisible = 0;
			defaultConfigurationName = Release;
		};
		48A76D7621470B6200A061C2 /* Build configuration list for PBXNativeTarget "FlixTests" */ = {
			isa = XCConfigurationList;
			buildConfigurations = (
				48A76D7721470B6200A061C2 /* Debug */,
				48A76D7821470B6200A061C2 /* Release */,
			);
			defaultConfigurationIsVisible = 0;
			defaultConfigurationName = Release;
		};
		48A76D7921470B6200A061C2 /* Build configuration list for PBXNativeTarget "FlixUITests" */ = {
			isa = XCConfigurationList;
			buildConfigurations = (
				48A76D7A21470B6200A061C2 /* Debug */,
				48A76D7B21470B6200A061C2 /* Release */,
			);
			defaultConfigurationIsVisible = 0;
			defaultConfigurationName = Release;
		};
/* End XCConfigurationList section */
	};
	rootObject = 48A76D4321470B6200A061C2 /* Project object */;
}
